
Microsoft Visual Studio Solution File, Format Version 12.00
# Visual Studio Version 16
VisualStudioVersion = 16.0.31321.278
MinimumVisualStudioVersion = 10.0.40219.1
Project("{FAE04EC0-301F-11D3-BF4B-00C04F79EFBC}") = "Repo-Web-01", "Repo-Web-01\Repo-Web-01.csproj", "{6014C88C-03AA-4430-A44E-CAD62424EDA4}"
EndProject
Global
	GlobalSection(SolutionConfigurationPlatforms) = preSolution
		Debug|Any CPU = Debug|Any CPU
		Release|Any CPU = Release|Any CPU
	EndGlobalSection
	GlobalSection(ProjectConfigurationPlatforms) = postSolution
		{6014C88C-03AA-4430-A44E-CAD62424EDA4}.Debug|Any CPU.ActiveCfg = Debug|Any CPU
		{6014C88C-03AA-4430-A44E-CAD62424EDA4}.Debug|Any CPU.Build.0 = Debug|Any CPU
		{6014C88C-03AA-4430-A44E-CAD62424EDA4}.Release|Any CPU.ActiveCfg = Release|Any CPU
		{6014C88C-03AA-4430-A44E-CAD62424EDA4}.Release|Any CPU.Build.0 = Release|Any CPU
	EndGlobalSection
	GlobalSection(SolutionProperties) = preSolution
		HideSolutionNode = FALSE
	EndGlobalSection
	GlobalSection(ExtensibilityGlobals) = postSolution
		SolutionGuid = {B48BA57B-8083-4595-AB5C-043CD059E651}
	EndGlobalSection
EndGlobal
